
Microsoft Visual Studio Solution File, Format Version 12.00
# Visual Studio Version 16
VisualStudioVersion = 16.0.30225.117
MinimumVisualStudioVersion = 10.0.40219.1
Project("{FAE04EC0-301F-11D3-BF4B-00C04F79EFBC}") = "Final", "Final.csproj", "{5B23E358-0A73-4011-98E3-B7114F17FE20}"
EndProject
Global
	GlobalSection(SolutionConfigurationPlatforms) = preSolution
		Debug|Any CPU = Debug|Any CPU
		Release|Any CPU = Release|Any CPU
	EndGlobalSection
	GlobalSection(ProjectConfigurationPlatforms) = postSolution
		{5B23E358-0A73-4011-98E3-B7114F17FE20}.Debug|Any CPU.ActiveCfg = Debug|Any CPU
		{5B23E358-0A73-4011-98E3-B7114F17FE20}.Debug|Any CPU.Build.0 = Debug|Any CPU
		{5B23E358-0A73-4011-98E3-B7114F17FE20}.Release|Any CPU.ActiveCfg = Release|Any CPU
		{5B23E358-0A73-4011-98E3-B7114F17FE20}.Release|Any CPU.Build.0 = Release|Any CPU
	EndGlobalSection
	GlobalSection(SolutionProperties) = preSolution
		HideSolutionNode = FALSE
	EndGlobalSection
	GlobalSection(ExtensibilityGlobals) = postSolution
		SolutionGuid = {47B3DDA1-969F-4057-A323-2F195FD2A75F}
	EndGlobalSection
EndGlobal
